
Microsoft Visual Studio Solution File, Format Version 12.00
# Visual Studio 15
VisualStudioVersion = 15.0.28307.329
MinimumVisualStudioVersion = 10.0.40219.1
Project("{FAE04EC0-301F-11D3-BF4B-00C04F79EFBC}") = "SPPIDPlantGroup", "SPPIDPlantGroup\SPPIDPlantGroup.csproj", "{8FD4C6C8-359D-4A03-BA36-E7D565ABF030}"
EndProject
Global
	GlobalSection(SolutionConfigurationPlatforms) = preSolution
		Debug|Any CPU = Debug|Any CPU
		Release|Any CPU = Release|Any CPU
	EndGlobalSection
	GlobalSection(ProjectConfigurationPlatforms) = postSolution
		{8FD4C6C8-359D-4A03-BA36-E7D565ABF030}.Debug|Any CPU.ActiveCfg = Debug|Any CPU
		{8FD4C6C8-359D-4A03-BA36-E7D565ABF030}.Debug|Any CPU.Build.0 = Debug|Any CPU
		{8FD4C6C8-359D-4A03-BA36-E7D565ABF030}.Release|Any CPU.ActiveCfg = Release|Any CPU
		{8FD4C6C8-359D-4A03-BA36-E7D565ABF030}.Release|Any CPU.Build.0 = Release|Any CPU
	EndGlobalSection
	GlobalSection(SolutionProperties) = preSolution
		HideSolutionNode = FALSE
	EndGlobalSection
	GlobalSection(ExtensibilityGlobals) = postSolution
		SolutionGuid = {3B456E1A-EBC2-465B-A66E-AB12151B794D}
	EndGlobalSection
EndGlobal
